
Microsoft Visual Studio Solution File, Format Version 12.00
# Visual Studio Version 16
VisualStudioVersion = 16.0.29326.143
MinimumVisualStudioVersion = 10.0.40219.1
Project("{9A19103F-16F7-4668-BE54-9A1E7A4F7556}") = "Indicators", "Indicators\Indicators.csproj", "{2E9C3A71-FDB3-46F7-BE7C-8FE36D02F1FE}"
EndProject
Project("{2150E333-8FDC-42A3-9474-1A3956D46DE8}") = "Solution Items", "Solution Items", "{89F97043-8E6C-4953-95AA-ACAC19C3B164}"
	ProjectSection(SolutionItems) = preProject
		.gitattributes = .gitattributes
		.gitignore = .gitignore
		azure-pipelines.yml = azure-pipelines.yml
		CONTRIBUTING.md = CONTRIBUTING.md
		gitversion.yml = gitversion.yml
		GUIDE.md = GUIDE.md
		INDICATORS.md = INDICATORS.md
		LICENSE.md = LICENSE.md
		README.md = README.md
		SECURITY.md = SECURITY.md
	EndProjectSection
EndProject
Project("{9A19103F-16F7-4668-BE54-9A1E7A4F7556}") = "IndicatorsTests", "IndicatorsTests\IndicatorsTests.csproj", "{40FB4F6A-9EE9-4F78-804E-1A3D7E741E28}"
EndProject
Project("{9A19103F-16F7-4668-BE54-9A1E7A4F7556}") = "IndicatorsExternalTests", "IndicatorsExternalTests\IndicatorsExternalTests.csproj", "{EB5228B6-AEEE-4131-B3F2-2A5092A76F58}"
EndProject
Global
	GlobalSection(SolutionConfigurationPlatforms) = preSolution
		Debug|Any CPU = Debug|Any CPU
		Release|Any CPU = Release|Any CPU
	EndGlobalSection
	GlobalSection(ProjectConfigurationPlatforms) = postSolution
		{2E9C3A71-FDB3-46F7-BE7C-8FE36D02F1FE}.Debug|Any CPU.ActiveCfg = Debug|Any CPU
		{2E9C3A71-FDB3-46F7-BE7C-8FE36D02F1FE}.Debug|Any CPU.Build.0 = Debug|Any CPU
		{2E9C3A71-FDB3-46F7-BE7C-8FE36D02F1FE}.Release|Any CPU.ActiveCfg = Release|Any CPU
		{2E9C3A71-FDB3-46F7-BE7C-8FE36D02F1FE}.Release|Any CPU.Build.0 = Release|Any CPU
		{40FB4F6A-9EE9-4F78-804E-1A3D7E741E28}.Debug|Any CPU.ActiveCfg = Debug|Any CPU
		{40FB4F6A-9EE9-4F78-804E-1A3D7E741E28}.Debug|Any CPU.Build.0 = Debug|Any CPU
		{40FB4F6A-9EE9-4F78-804E-1A3D7E741E28}.Release|Any CPU.ActiveCfg = Release|Any CPU
		{40FB4F6A-9EE9-4F78-804E-1A3D7E741E28}.Release|Any CPU.Build.0 = Release|Any CPU
		{EB5228B6-AEEE-4131-B3F2-2A5092A76F58}.Debug|Any CPU.ActiveCfg = Debug|Any CPU
		{EB5228B6-AEEE-4131-B3F2-2A5092A76F58}.Debug|Any CPU.Build.0 = Debug|Any CPU
		{EB5228B6-AEEE-4131-B3F2-2A5092A76F58}.Release|Any CPU.ActiveCfg = Release|Any CPU
		{EB5228B6-AEEE-4131-B3F2-2A5092A76F58}.Release|Any CPU.Build.0 = Release|Any CPU
	EndGlobalSection
	GlobalSection(SolutionProperties) = preSolution
		HideSolutionNode = FALSE
	EndGlobalSection
	GlobalSection(ExtensibilityGlobals) = postSolution
		SolutionGuid = {8BDD5593-A28F-4DC3-859F-1E267864898D}
	EndGlobalSection
EndGlobal
