
Microsoft Visual Studio Solution File, Format Version 12.00
# Visual Studio Version 17
VisualStudioVersion = 17.0.32014.148
MinimumVisualStudioVersion = 10.0.40219.1
Project("{2150E333-8FDC-42A3-9474-1A3956D46DE8}") = "Configuration", "Configuration", "{89F97043-8E6C-4953-95AA-ACAC19C3B164}"
	ProjectSection(SolutionItems) = preProject
		.editorconfig = .editorconfig
		.gitattributes = .gitattributes
		.gitignore = .gitignore
		gitversion.yml = gitversion.yml
	EndProjectSection
EndProject
Project("{9A19103F-16F7-4668-BE54-9A1E7A4F7556}") = "Indicators", "src\Indicators.csproj", "{8D0F1781-EDA3-4C51-B05D-D33FF1156E49}"
EndProject
Project("{9A19103F-16F7-4668-BE54-9A1E7A4F7556}") = "Tests.Indicators", "tests\indicators\Tests.Indicators.csproj", "{11CD6C7E-871F-4903-AEAD-58E034C6521D}"
EndProject
Project("{9A19103F-16F7-4668-BE54-9A1E7A4F7556}") = "Tests.Other", "tests\external\Tests.Other.csproj", "{97905D26-4854-41FF-A4F7-CE042B2ACD02}"
EndProject
Project("{9A19103F-16F7-4668-BE54-9A1E7A4F7556}") = "Tests.Performance", "tests\performance\Tests.Performance.csproj", "{3BD4837B-D197-41FD-A286-A3256D0770E1}"
EndProject
Project("{2150E333-8FDC-42A3-9474-1A3956D46DE8}") = "Build", "Build", "{3A4158F9-4165-4823-9526-0CFAACCF1ACC}"
	ProjectSection(SolutionItems) = preProject
		.lgtm.yml = .lgtm.yml
		.github\build.main.yml = .github\build.main.yml
		.github\dependabot.yml = .github\dependabot.yml
	EndProjectSection
EndProject
Global
	GlobalSection(SolutionConfigurationPlatforms) = preSolution
		Debug|Any CPU = Debug|Any CPU
		Release|Any CPU = Release|Any CPU
	EndGlobalSection
	GlobalSection(ProjectConfigurationPlatforms) = postSolution
		{8D0F1781-EDA3-4C51-B05D-D33FF1156E49}.Debug|Any CPU.ActiveCfg = Debug|Any CPU
		{8D0F1781-EDA3-4C51-B05D-D33FF1156E49}.Debug|Any CPU.Build.0 = Debug|Any CPU
		{8D0F1781-EDA3-4C51-B05D-D33FF1156E49}.Release|Any CPU.ActiveCfg = Release|Any CPU
		{8D0F1781-EDA3-4C51-B05D-D33FF1156E49}.Release|Any CPU.Build.0 = Release|Any CPU
		{11CD6C7E-871F-4903-AEAD-58E034C6521D}.Debug|Any CPU.ActiveCfg = Debug|Any CPU
		{11CD6C7E-871F-4903-AEAD-58E034C6521D}.Debug|Any CPU.Build.0 = Debug|Any CPU
		{11CD6C7E-871F-4903-AEAD-58E034C6521D}.Release|Any CPU.ActiveCfg = Release|Any CPU
		{11CD6C7E-871F-4903-AEAD-58E034C6521D}.Release|Any CPU.Build.0 = Release|Any CPU
		{97905D26-4854-41FF-A4F7-CE042B2ACD02}.Debug|Any CPU.ActiveCfg = Debug|Any CPU
		{97905D26-4854-41FF-A4F7-CE042B2ACD02}.Debug|Any CPU.Build.0 = Debug|Any CPU
		{97905D26-4854-41FF-A4F7-CE042B2ACD02}.Release|Any CPU.ActiveCfg = Release|Any CPU
		{97905D26-4854-41FF-A4F7-CE042B2ACD02}.Release|Any CPU.Build.0 = Release|Any CPU
		{3BD4837B-D197-41FD-A286-A3256D0770E1}.Debug|Any CPU.ActiveCfg = Debug|Any CPU
		{3BD4837B-D197-41FD-A286-A3256D0770E1}.Debug|Any CPU.Build.0 = Debug|Any CPU
		{3BD4837B-D197-41FD-A286-A3256D0770E1}.Release|Any CPU.ActiveCfg = Release|Any CPU
		{3BD4837B-D197-41FD-A286-A3256D0770E1}.Release|Any CPU.Build.0 = Release|Any CPU
	EndGlobalSection
	GlobalSection(SolutionProperties) = preSolution
		HideSolutionNode = FALSE
	EndGlobalSection
	GlobalSection(ExtensibilityGlobals) = postSolution
		SolutionGuid = {8BDD5593-A28F-4DC3-859F-1E267864898D}
	EndGlobalSection
EndGlobal
