Microsoft Visual Studio Solution File, Format Version 12.00
# Visual Studio Version 18
VisualStudioVersion = 18.0.11205.157
MinimumVisualStudioVersion = 10.0.40219.1
Project("{2150E333-8FDC-42A3-9474-1A3956D46DE8}") = "Configs", "Configs", "{89F97043-8E6C-4953-95AA-ACAC19C3B164}"
EndProject
Project("{9A19103F-16F7-4668-BE54-9A1E7A4F7556}") = "Indicators", "src\Indicators.csproj", "{8D0F1781-EDA3-4C51-B05D-D33FF1156E49}"
EndProject
Project("{9A19103F-16F7-4668-BE54-9A1E7A4F7556}") = "Tests.Indicators", "tests\indicators\Tests.Indicators.csproj", "{11CD6C7E-871F-4903-AEAD-58E034C6521D}"
EndProject
Project("{9A19103F-16F7-4668-BE54-9A1E7A4F7556}") = "Tests.Performance", "tools\performance\Tests.Performance.csproj", "{3BD4837B-D197-41FD-A286-A3256D0770E1}"
EndProject
Project("{9A19103F-16F7-4668-BE54-9A1E7A4F7556}") = "Test.Simulation", "tools\simulate\Test.Simulation.csproj", "{9C9045D2-9928-41F8-97FC-ECCBDD3B9868}"
EndProject
Project("{9A19103F-16F7-4668-BE54-9A1E7A4F7556}") = "Test.Application", "tools\application\Test.Application.csproj", "{F98B09DA-0E0B-41D1-B7B6-3A40EE6C1DBE}"
EndProject
Project("{9A19103F-16F7-4668-BE54-9A1E7A4F7556}") = "Tests.Integration", "tests\integration\Tests.Integration.csproj", "{88C59340-F6C6-497B-A7F3-08ACCC8873EE}"
EndProject
Project("{9A19103F-16F7-4668-BE54-9A1E7A4F7556}") = "Tests.PublicApi", "tests\public-api\Tests.PublicApi.csproj", "{D6CF664F-8232-4EE9-B044-CA34A0BA522E}"
EndProject
Project("{FAE04EC0-301F-11D3-BF4B-00C04F79EFBC}") = "Test.DataGenerator", "tools\baselining\Test.DataGenerator.csproj", "{F449BEB0-5A04-6992-4A1F-DE3FFE72A1C6}"
EndProject
Project("{2150E333-8FDC-42A3-9474-1A3956D46DE8}") = "Tools", "Tools", "{990C3D8F-0F57-4FD3-AF4B-57D6AE2EDBB1}"
	ProjectSection(SolutionItems) = preProject
		tools\Directory.Build.props = tools\Directory.Build.props
		tools\Directory.Packages.props = tools\Directory.Packages.props
	EndProjectSection
EndProject
Project("{2150E333-8FDC-42A3-9474-1A3956D46DE8}") = "Tests (other)", "Tests (other)", "{2137B81B-5620-4225-8CF4-7FE72E81DF23}"
	ProjectSection(SolutionItems) = preProject
		tests\AGENTS.md = tests\AGENTS.md
		tests\Directory.Build.props = tests\Directory.Build.props
		tests\Directory.Packages.props = tests\Directory.Packages.props
		tests\README.md = tests\README.md
		tests\tests.integration.runsettings = tests\tests.integration.runsettings
		tests\tests.regression.runsettings = tests\tests.regression.runsettings
		tests\tests.unit.runsettings = tests\tests.unit.runsettings
	EndProjectSection
EndProject
Project("{2150E333-8FDC-42A3-9474-1A3956D46DE8}") = "src", "src", "{F4DC4349-B08A-4557-BAD9-EB3A8111C98A}"
EndProject
Global
	GlobalSection(SolutionConfigurationPlatforms) = preSolution
		Debug|Any CPU = Debug|Any CPU
		Debug|x64 = Debug|x64
		Debug|x86 = Debug|x86
		Release|Any CPU = Release|Any CPU
		Release|x64 = Release|x64
		Release|x86 = Release|x86
	EndGlobalSection
	GlobalSection(ProjectConfigurationPlatforms) = postSolution
		{8D0F1781-EDA3-4C51-B05D-D33FF1156E49}.Debug|Any CPU.ActiveCfg = Debug|Any CPU
		{8D0F1781-EDA3-4C51-B05D-D33FF1156E49}.Debug|Any CPU.Build.0 = Debug|Any CPU
		{8D0F1781-EDA3-4C51-B05D-D33FF1156E49}.Debug|x64.ActiveCfg = Debug|Any CPU
		{8D0F1781-EDA3-4C51-B05D-D33FF1156E49}.Debug|x64.Build.0 = Debug|Any CPU
		{8D0F1781-EDA3-4C51-B05D-D33FF1156E49}.Debug|x86.ActiveCfg = Debug|Any CPU
		{8D0F1781-EDA3-4C51-B05D-D33FF1156E49}.Debug|x86.Build.0 = Debug|Any CPU
		{8D0F1781-EDA3-4C51-B05D-D33FF1156E49}.Release|Any CPU.ActiveCfg = Release|Any CPU
		{8D0F1781-EDA3-4C51-B05D-D33FF1156E49}.Release|Any CPU.Build.0 = Release|Any CPU
		{8D0F1781-EDA3-4C51-B05D-D33FF1156E49}.Release|x64.ActiveCfg = Release|Any CPU
		{8D0F1781-EDA3-4C51-B05D-D33FF1156E49}.Release|x64.Build.0 = Release|Any CPU
		{8D0F1781-EDA3-4C51-B05D-D33FF1156E49}.Release|x86.ActiveCfg = Release|Any CPU
		{8D0F1781-EDA3-4C51-B05D-D33FF1156E49}.Release|x86.Build.0 = Release|Any CPU
		{11CD6C7E-871F-4903-AEAD-58E034C6521D}.Debug|Any CPU.ActiveCfg = Debug|Any CPU
		{11CD6C7E-871F-4903-AEAD-58E034C6521D}.Debug|Any CPU.Build.0 = Debug|Any CPU
		{11CD6C7E-871F-4903-AEAD-58E034C6521D}.Debug|x64.ActiveCfg = Debug|Any CPU
		{11CD6C7E-871F-4903-AEAD-58E034C6521D}.Debug|x64.Build.0 = Debug|Any CPU
		{11CD6C7E-871F-4903-AEAD-58E034C6521D}.Debug|x86.ActiveCfg = Debug|Any CPU
		{11CD6C7E-871F-4903-AEAD-58E034C6521D}.Debug|x86.Build.0 = Debug|Any CPU
		{11CD6C7E-871F-4903-AEAD-58E034C6521D}.Release|Any CPU.ActiveCfg = Release|Any CPU
		{11CD6C7E-871F-4903-AEAD-58E034C6521D}.Release|Any CPU.Build.0 = Release|Any CPU
		{11CD6C7E-871F-4903-AEAD-58E034C6521D}.Release|x64.ActiveCfg = Release|Any CPU
		{11CD6C7E-871F-4903-AEAD-58E034C6521D}.Release|x64.Build.0 = Release|Any CPU
		{11CD6C7E-871F-4903-AEAD-58E034C6521D}.Release|x86.ActiveCfg = Release|Any CPU
		{11CD6C7E-871F-4903-AEAD-58E034C6521D}.Release|x86.Build.0 = Release|Any CPU
		{3BD4837B-D197-41FD-A286-A3256D0770E1}.Debug|Any CPU.ActiveCfg = Debug|Any CPU
		{3BD4837B-D197-41FD-A286-A3256D0770E1}.Debug|Any CPU.Build.0 = Debug|Any CPU
		{3BD4837B-D197-41FD-A286-A3256D0770E1}.Debug|x64.ActiveCfg = Debug|Any CPU
		{3BD4837B-D197-41FD-A286-A3256D0770E1}.Debug|x64.Build.0 = Debug|Any CPU
		{3BD4837B-D197-41FD-A286-A3256D0770E1}.Debug|x86.ActiveCfg = Debug|Any CPU
		{3BD4837B-D197-41FD-A286-A3256D0770E1}.Debug|x86.Build.0 = Debug|Any CPU
		{3BD4837B-D197-41FD-A286-A3256D0770E1}.Release|Any CPU.ActiveCfg = Release|Any CPU
		{3BD4837B-D197-41FD-A286-A3256D0770E1}.Release|Any CPU.Build.0 = Release|Any CPU
		{3BD4837B-D197-41FD-A286-A3256D0770E1}.Release|x64.ActiveCfg = Release|Any CPU
		{3BD4837B-D197-41FD-A286-A3256D0770E1}.Release|x64.Build.0 = Release|Any CPU
		{3BD4837B-D197-41FD-A286-A3256D0770E1}.Release|x86.ActiveCfg = Release|Any CPU
		{3BD4837B-D197-41FD-A286-A3256D0770E1}.Release|x86.Build.0 = Release|Any CPU
		{9C9045D2-9928-41F8-97FC-ECCBDD3B9868}.Debug|Any CPU.ActiveCfg = Debug|Any CPU
		{9C9045D2-9928-41F8-97FC-ECCBDD3B9868}.Debug|Any CPU.Build.0 = Debug|Any CPU
		{9C9045D2-9928-41F8-97FC-ECCBDD3B9868}.Debug|x64.ActiveCfg = Debug|Any CPU
		{9C9045D2-9928-41F8-97FC-ECCBDD3B9868}.Debug|x64.Build.0 = Debug|Any CPU
		{9C9045D2-9928-41F8-97FC-ECCBDD3B9868}.Debug|x86.ActiveCfg = Debug|Any CPU
		{9C9045D2-9928-41F8-97FC-ECCBDD3B9868}.Debug|x86.Build.0 = Debug|Any CPU
		{9C9045D2-9928-41F8-97FC-ECCBDD3B9868}.Release|Any CPU.ActiveCfg = Release|Any CPU
		{9C9045D2-9928-41F8-97FC-ECCBDD3B9868}.Release|Any CPU.Build.0 = Release|Any CPU
		{9C9045D2-9928-41F8-97FC-ECCBDD3B9868}.Release|x64.ActiveCfg = Release|Any CPU
		{9C9045D2-9928-41F8-97FC-ECCBDD3B9868}.Release|x64.Build.0 = Release|Any CPU
		{9C9045D2-9928-41F8-97FC-ECCBDD3B9868}.Release|x86.ActiveCfg = Release|Any CPU
		{9C9045D2-9928-41F8-97FC-ECCBDD3B9868}.Release|x86.Build.0 = Release|Any CPU
		{F98B09DA-0E0B-41D1-B7B6-3A40EE6C1DBE}.Debug|Any CPU.ActiveCfg = Debug|Any CPU
		{F98B09DA-0E0B-41D1-B7B6-3A40EE6C1DBE}.Debug|Any CPU.Build.0 = Debug|Any CPU
		{F98B09DA-0E0B-41D1-B7B6-3A40EE6C1DBE}.Debug|x64.ActiveCfg = Debug|Any CPU
		{F98B09DA-0E0B-41D1-B7B6-3A40EE6C1DBE}.Debug|x64.Build.0 = Debug|Any CPU
		{F98B09DA-0E0B-41D1-B7B6-3A40EE6C1DBE}.Debug|x86.ActiveCfg = Debug|Any CPU
		{F98B09DA-0E0B-41D1-B7B6-3A40EE6C1DBE}.Debug|x86.Build.0 = Debug|Any CPU
		{F98B09DA-0E0B-41D1-B7B6-3A40EE6C1DBE}.Release|Any CPU.ActiveCfg = Release|Any CPU
		{F98B09DA-0E0B-41D1-B7B6-3A40EE6C1DBE}.Release|Any CPU.Build.0 = Release|Any CPU
		{F98B09DA-0E0B-41D1-B7B6-3A40EE6C1DBE}.Release|x64.ActiveCfg = Release|Any CPU
		{F98B09DA-0E0B-41D1-B7B6-3A40EE6C1DBE}.Release|x64.Build.0 = Release|Any CPU
		{F98B09DA-0E0B-41D1-B7B6-3A40EE6C1DBE}.Release|x86.ActiveCfg = Release|Any CPU
		{F98B09DA-0E0B-41D1-B7B6-3A40EE6C1DBE}.Release|x86.Build.0 = Release|Any CPU
		{88C59340-F6C6-497B-A7F3-08ACCC8873EE}.Debug|Any CPU.ActiveCfg = Debug|Any CPU
		{88C59340-F6C6-497B-A7F3-08ACCC8873EE}.Debug|Any CPU.Build.0 = Debug|Any CPU
		{88C59340-F6C6-497B-A7F3-08ACCC8873EE}.Debug|x64.ActiveCfg = Debug|Any CPU
		{88C59340-F6C6-497B-A7F3-08ACCC8873EE}.Debug|x86.ActiveCfg = Debug|Any CPU
		{88C59340-F6C6-497B-A7F3-08ACCC8873EE}.Release|Any CPU.ActiveCfg = Release|Any CPU
		{88C59340-F6C6-497B-A7F3-08ACCC8873EE}.Release|Any CPU.Build.0 = Release|Any CPU
		{88C59340-F6C6-497B-A7F3-08ACCC8873EE}.Release|x64.ActiveCfg = Release|Any CPU
		{88C59340-F6C6-497B-A7F3-08ACCC8873EE}.Release|x86.ActiveCfg = Release|Any CPU
		{D6CF664F-8232-4EE9-B044-CA34A0BA522E}.Debug|Any CPU.ActiveCfg = Debug|Any CPU
		{D6CF664F-8232-4EE9-B044-CA34A0BA522E}.Debug|Any CPU.Build.0 = Debug|Any CPU
		{D6CF664F-8232-4EE9-B044-CA34A0BA522E}.Debug|x64.ActiveCfg = Debug|Any CPU
		{D6CF664F-8232-4EE9-B044-CA34A0BA522E}.Debug|x86.ActiveCfg = Debug|Any CPU
		{D6CF664F-8232-4EE9-B044-CA34A0BA522E}.Release|Any CPU.ActiveCfg = Release|Any CPU
		{D6CF664F-8232-4EE9-B044-CA34A0BA522E}.Release|Any CPU.Build.0 = Release|Any CPU
		{D6CF664F-8232-4EE9-B044-CA34A0BA522E}.Release|x64.ActiveCfg = Release|Any CPU
		{D6CF664F-8232-4EE9-B044-CA34A0BA522E}.Release|x86.ActiveCfg = Release|Any CPU
		{F449BEB0-5A04-6992-4A1F-DE3FFE72A1C6}.Debug|Any CPU.ActiveCfg = Debug|Any CPU
		{F449BEB0-5A04-6992-4A1F-DE3FFE72A1C6}.Debug|Any CPU.Build.0 = Debug|Any CPU
		{F449BEB0-5A04-6992-4A1F-DE3FFE72A1C6}.Debug|x64.ActiveCfg = Debug|Any CPU
		{F449BEB0-5A04-6992-4A1F-DE3FFE72A1C6}.Debug|x64.Build.0 = Debug|Any CPU
		{F449BEB0-5A04-6992-4A1F-DE3FFE72A1C6}.Debug|x86.ActiveCfg = Debug|Any CPU
		{F449BEB0-5A04-6992-4A1F-DE3FFE72A1C6}.Debug|x86.Build.0 = Debug|Any CPU
		{F449BEB0-5A04-6992-4A1F-DE3FFE72A1C6}.Release|Any CPU.ActiveCfg = Release|Any CPU
		{F449BEB0-5A04-6992-4A1F-DE3FFE72A1C6}.Release|Any CPU.Build.0 = Release|Any CPU
		{F449BEB0-5A04-6992-4A1F-DE3FFE72A1C6}.Release|x64.ActiveCfg = Release|Any CPU
		{F449BEB0-5A04-6992-4A1F-DE3FFE72A1C6}.Release|x64.Build.0 = Release|Any CPU
		{F449BEB0-5A04-6992-4A1F-DE3FFE72A1C6}.Release|x86.ActiveCfg = Release|Any CPU
		{F449BEB0-5A04-6992-4A1F-DE3FFE72A1C6}.Release|x86.Build.0 = Release|Any CPU
	EndGlobalSection
	GlobalSection(SolutionProperties) = preSolution
		HideSolutionNode = FALSE
	EndGlobalSection
	GlobalSection(NestedProjects) = preSolution
		{3BD4837B-D197-41FD-A286-A3256D0770E1} = {990C3D8F-0F57-4FD3-AF4B-57D6AE2EDBB1}
		{9C9045D2-9928-41F8-97FC-ECCBDD3B9868} = {990C3D8F-0F57-4FD3-AF4B-57D6AE2EDBB1}
		{F98B09DA-0E0B-41D1-B7B6-3A40EE6C1DBE} = {990C3D8F-0F57-4FD3-AF4B-57D6AE2EDBB1}
		{88C59340-F6C6-497B-A7F3-08ACCC8873EE} = {2137B81B-5620-4225-8CF4-7FE72E81DF23}
		{D6CF664F-8232-4EE9-B044-CA34A0BA522E} = {2137B81B-5620-4225-8CF4-7FE72E81DF23}
		{F449BEB0-5A04-6992-4A1F-DE3FFE72A1C6} = {990C3D8F-0F57-4FD3-AF4B-57D6AE2EDBB1}
		{F4DC4349-B08A-4557-BAD9-EB3A8111C98A} = {89F97043-8E6C-4953-95AA-ACAC19C3B164}
	EndGlobalSection
	GlobalSection(ExtensibilityGlobals) = postSolution
		SolutionGuid = {8BDD5593-A28F-4DC3-859F-1E267864898D}
	EndGlobalSection
EndGlobal
