{
  "version": 2,
  "dependencies": {
    ".NETStandard,Version=v2.0": {
      "Microsoft.SourceLink.GitHub": {
        "type": "Direct",
        "requested": "[10.0.103, )",
        "resolved": "10.0.103",
        "contentHash": "qZk7r40ftpZY+/sO019sgWAWfNqC2CLSspDdAxNYCJU/bCi/8jVwvOMjzb/d5gjCRNzQ4OCYgBfhdpQyVwLTyw==",
        "dependencies": {
          "Microsoft.Build.Tasks.Git": "10.0.103",
          "Microsoft.SourceLink.Common": "10.0.103"
        }
      },
      "NETStandard.Library": {
        "type": "Direct",
        "requested": "[2.0.3, )",
        "resolved": "2.0.3",
        "contentHash": "st47PosZSHrjECdjeIzZQbzivYBJFv6P2nv4cj2ypdI204DO+vZ7l5raGMiX4eXMJ53RfOIg+/s4DHVZ54Nu2A==",
        "dependencies": {
          "Microsoft.NETCore.Platforms": "1.1.0"
        }
      },
      "Microsoft.Build.Tasks.Git": {
        "type": "Transitive",
        "resolved": "10.0.103",
        "contentHash": "QoiCMcPuxC6eqRQmrmF9zBY96ejIznXtve/lJJbonGD9I5Aygf2AUCOWslGiCEtBbfWRSuUnepBjuuVOdAl5ag=="
      },
      "Microsoft.NETCore.Platforms": {
        "type": "Transitive",
        "resolved": "1.1.0",
        "contentHash": "kz0PEW2lhqygehI/d6XsPCQzD7ff7gUJaVGPVETX611eadGsA3A877GdSlU0LRVMCTH/+P3o2iDTak+S08V2+A=="
      },
      "Microsoft.SourceLink.Common": {
        "type": "Transitive",
        "resolved": "10.0.103",
        "contentHash": "cMtGW5/r0ck72Jg2QwZcNTX59z+iB/B1kW84VMa/eX8L19DhHIuIcQjfK0pgLLBxd60Jl0Bj9GUolcM0MnJnZA=="
      }
    },
    ".NETStandard,Version=v2.1": {
      "Microsoft.SourceLink.GitHub": {
        "type": "Direct",
        "requested": "[10.0.103, )",
        "resolved": "10.0.103",
        "contentHash": "qZk7r40ftpZY+/sO019sgWAWfNqC2CLSspDdAxNYCJU/bCi/8jVwvOMjzb/d5gjCRNzQ4OCYgBfhdpQyVwLTyw==",
        "dependencies": {
          "Microsoft.Build.Tasks.Git": "10.0.103",
          "Microsoft.SourceLink.Common": "10.0.103"
        }
      },
      "Microsoft.Build.Tasks.Git": {
        "type": "Transitive",
        "resolved": "10.0.103",
        "contentHash": "QoiCMcPuxC6eqRQmrmF9zBY96ejIznXtve/lJJbonGD9I5Aygf2AUCOWslGiCEtBbfWRSuUnepBjuuVOdAl5ag=="
      },
      "Microsoft.SourceLink.Common": {
        "type": "Transitive",
        "resolved": "10.0.103",
        "contentHash": "cMtGW5/r0ck72Jg2QwZcNTX59z+iB/B1kW84VMa/eX8L19DhHIuIcQjfK0pgLLBxd60Jl0Bj9GUolcM0MnJnZA=="
      }
    },
    "net10.0": {
      "Microsoft.SourceLink.GitHub": {
        "type": "Direct",
        "requested": "[10.0.103, )",
        "resolved": "10.0.103",
        "contentHash": "qZk7r40ftpZY+/sO019sgWAWfNqC2CLSspDdAxNYCJU/bCi/8jVwvOMjzb/d5gjCRNzQ4OCYgBfhdpQyVwLTyw==",
        "dependencies": {
          "Microsoft.Build.Tasks.Git": "10.0.103",
          "Microsoft.SourceLink.Common": "10.0.103"
        }
      },
      "Microsoft.Build.Tasks.Git": {
        "type": "Transitive",
        "resolved": "10.0.103",
        "contentHash": "QoiCMcPuxC6eqRQmrmF9zBY96ejIznXtve/lJJbonGD9I5Aygf2AUCOWslGiCEtBbfWRSuUnepBjuuVOdAl5ag=="
      },
      "Microsoft.SourceLink.Common": {
        "type": "Transitive",
        "resolved": "10.0.103",
        "contentHash": "cMtGW5/r0ck72Jg2QwZcNTX59z+iB/B1kW84VMa/eX8L19DhHIuIcQjfK0pgLLBxd60Jl0Bj9GUolcM0MnJnZA=="
      }
    },
    "net6.0": {
      "Microsoft.SourceLink.GitHub": {
        "type": "Direct",
        "requested": "[10.0.103, )",
        "resolved": "10.0.103",
        "contentHash": "qZk7r40ftpZY+/sO019sgWAWfNqC2CLSspDdAxNYCJU/bCi/8jVwvOMjzb/d5gjCRNzQ4OCYgBfhdpQyVwLTyw==",
        "dependencies": {
          "Microsoft.Build.Tasks.Git": "10.0.103",
          "Microsoft.SourceLink.Common": "10.0.103"
        }
      },
      "Microsoft.Build.Tasks.Git": {
        "type": "Transitive",
        "resolved": "10.0.103",
        "contentHash": "QoiCMcPuxC6eqRQmrmF9zBY96ejIznXtve/lJJbonGD9I5Aygf2AUCOWslGiCEtBbfWRSuUnepBjuuVOdAl5ag=="
      },
      "Microsoft.SourceLink.Common": {
        "type": "Transitive",
        "resolved": "10.0.103",
        "contentHash": "cMtGW5/r0ck72Jg2QwZcNTX59z+iB/B1kW84VMa/eX8L19DhHIuIcQjfK0pgLLBxd60Jl0Bj9GUolcM0MnJnZA=="
      }
    },
    "net8.0": {
      "Microsoft.SourceLink.GitHub": {
        "type": "Direct",
        "requested": "[10.0.103, )",
        "resolved": "10.0.103",
        "contentHash": "qZk7r40ftpZY+/sO019sgWAWfNqC2CLSspDdAxNYCJU/bCi/8jVwvOMjzb/d5gjCRNzQ4OCYgBfhdpQyVwLTyw==",
        "dependencies": {
          "Microsoft.Build.Tasks.Git": "10.0.103",
          "Microsoft.SourceLink.Common": "10.0.103"
        }
      },
      "Microsoft.Build.Tasks.Git": {
        "type": "Transitive",
        "resolved": "10.0.103",
        "contentHash": "QoiCMcPuxC6eqRQmrmF9zBY96ejIznXtve/lJJbonGD9I5Aygf2AUCOWslGiCEtBbfWRSuUnepBjuuVOdAl5ag=="
      },
      "Microsoft.SourceLink.Common": {
        "type": "Transitive",
        "resolved": "10.0.103",
        "contentHash": "cMtGW5/r0ck72Jg2QwZcNTX59z+iB/B1kW84VMa/eX8L19DhHIuIcQjfK0pgLLBxd60Jl0Bj9GUolcM0MnJnZA=="
      }
    },
    "net9.0": {
      "Microsoft.SourceLink.GitHub": {
        "type": "Direct",
        "requested": "[10.0.103, )",
        "resolved": "10.0.103",
        "contentHash": "qZk7r40ftpZY+/sO019sgWAWfNqC2CLSspDdAxNYCJU/bCi/8jVwvOMjzb/d5gjCRNzQ4OCYgBfhdpQyVwLTyw==",
        "dependencies": {
          "Microsoft.Build.Tasks.Git": "10.0.103",
          "Microsoft.SourceLink.Common": "10.0.103"
        }
      },
      "Microsoft.Build.Tasks.Git": {
        "type": "Transitive",
        "resolved": "10.0.103",
        "contentHash": "QoiCMcPuxC6eqRQmrmF9zBY96ejIznXtve/lJJbonGD9I5Aygf2AUCOWslGiCEtBbfWRSuUnepBjuuVOdAl5ag=="
      },
      "Microsoft.SourceLink.Common": {
        "type": "Transitive",
        "resolved": "10.0.103",
        "contentHash": "cMtGW5/r0ck72Jg2QwZcNTX59z+iB/B1kW84VMa/eX8L19DhHIuIcQjfK0pgLLBxd60Jl0Bj9GUolcM0MnJnZA=="
      }
    }
  }
}