{
  "version": 1,
  "dependencies": {
    "net10.0": {
      "Roslynator.Analyzers": {
        "type": "Direct",
        "requested": "[4.15.0, )",
        "resolved": "4.15.0",
        "contentHash": "E8fu71Y+vzhniJKy1K13Rzwm8Vjcj7CDFBpflqncKUZfc3SzuF0kMBiyMmgXNPkjWTdE3Z+30HlGgYjHONZY/Q=="
      },
      "Skender.Stock.Indicators": {
        "type": "Direct",
        "requested": "[2.7.0, )",
        "resolved": "2.7.0",
        "contentHash": "pWTlrvoWgDa8OW0tfjrM5Ffw4IRzl8dVWGFcFDlAbcpX7qklbJzSJR8hv8Dt9c9tMeEn+DjrOqs8wNqbxz8XWg=="
      }
    }
  }
}