name: "Lock Threads"
# https://github.com/marketplace/actions/lock-threads

on:
  schedule:
    - cron: "0 4 * * *"

jobs:
  lock:
    runs-on: ubuntu-latest
    steps:
      - uses: dessant/lock-threads@v3
        with:
          issue-lock-reason: "resolved"
          issue-inactive-days: "90"
          issue-comment: >
            This Issue has been automatically locked since there
            has not been any recent activity after it was closed.
            Please open a new Issue for related bugs.

          pr-lock-reason: "resolved"
          pr-inactive-days: "30"
          pr-comment: >
            This Pull Request has been automatically locked since there
            has not been any recent activity after it was closed.
            Please open a new Issue for related bugs.
